
Microsoft Visual Studio Solution File, Format Version 12.00
# Visual Studio 15
VisualStudioVersion = 15.0.27004.2009
MinimumVisualStudioVersion = 10.0.40219.1
Project("{FAE04EC0-301F-11D3-BF4B-00C04F79EFBC}") = "W-ORM.Layout", "W-ORM.Layout\W-ORM.Layout.csproj", "{8BA96A02-C636-42C9-91F1-CEBC5330FAB3}"
EndProject
Project("{FAE04EC0-301F-11D3-BF4B-00C04F79EFBC}") = "W-ORM.MSSQL", "W-ORM.MSSQL\W-ORM.MSSQL.csproj", "{662E1359-8090-4215-85AF-FE49CCAAF17A}"
EndProject
Project("{FAE04EC0-301F-11D3-BF4B-00C04F79EFBC}") = "W-ORM.Test", "W-ORM.Test\W-ORM.Test.csproj", "{DC1000C9-4E6A-4350-969E-A30B03BC5259}"
EndProject
Project("{FAE04EC0-301F-11D3-BF4B-00C04F79EFBC}") = "W-ORM.MYSQL", "W-ORM.MYSQL\W-ORM.MYSQL.csproj", "{10A7700E-435B-41C5-AC60-29B78A72F391}"
EndProject
Project("{FAE04EC0-301F-11D3-BF4B-00C04F79EFBC}") = "W-ORM.ORACLE", "W-ORM.ORACLE\W-ORM.ORACLE.csproj", "{AAA5325F-3E8B-4CA4-9C62-331B3AE1C145}"
EndProject
Project("{FAE04EC0-301F-11D3-BF4B-00C04F79EFBC}") = "W-ORM.POSTGRESQL", "W-ORM.POSTGRESQL\W-ORM.POSTGRESQL.csproj", "{07FE4E24-3C2C-440B-9F36-608E20DC95D8}"
EndProject
Project("{FAE04EC0-301F-11D3-BF4B-00C04F79EFBC}") = "W-ORM.Console", "W-ORM.Console\W-ORM.Console.csproj", "{F02D554E-ED02-4A42-9F23-E1A00A7FDC71}"
EndProject
Global
	GlobalSection(SolutionConfigurationPlatforms) = preSolution
		Debug|Any CPU = Debug|Any CPU
		Release|Any CPU = Release|Any CPU
	EndGlobalSection
	GlobalSection(ProjectConfigurationPlatforms) = postSolution
		{8BA96A02-C636-42C9-91F1-CEBC5330FAB3}.Debug|Any CPU.ActiveCfg = Debug|Any CPU
		{8BA96A02-C636-42C9-91F1-CEBC5330FAB3}.Debug|Any CPU.Build.0 = Debug|Any CPU
		{8BA96A02-C636-42C9-91F1-CEBC5330FAB3}.Release|Any CPU.ActiveCfg = Release|Any CPU
		{8BA96A02-C636-42C9-91F1-CEBC5330FAB3}.Release|Any CPU.Build.0 = Release|Any CPU
		{662E1359-8090-4215-85AF-FE49CCAAF17A}.Debug|Any CPU.ActiveCfg = Debug|Any CPU
		{662E1359-8090-4215-85AF-FE49CCAAF17A}.Debug|Any CPU.Build.0 = Debug|Any CPU
		{662E1359-8090-4215-85AF-FE49CCAAF17A}.Release|Any CPU.ActiveCfg = Release|Any CPU
		{662E1359-8090-4215-85AF-FE49CCAAF17A}.Release|Any CPU.Build.0 = Release|Any CPU
		{DC1000C9-4E6A-4350-969E-A30B03BC5259}.Debug|Any CPU.ActiveCfg = Debug|Any CPU
		{DC1000C9-4E6A-4350-969E-A30B03BC5259}.Debug|Any CPU.Build.0 = Debug|Any CPU
		{DC1000C9-4E6A-4350-969E-A30B03BC5259}.Release|Any CPU.ActiveCfg = Release|Any CPU
		{DC1000C9-4E6A-4350-969E-A30B03BC5259}.Release|Any CPU.Build.0 = Release|Any CPU
		{10A7700E-435B-41C5-AC60-29B78A72F391}.Debug|Any CPU.ActiveCfg = Debug|Any CPU
		{10A7700E-435B-41C5-AC60-29B78A72F391}.Debug|Any CPU.Build.0 = Debug|Any CPU
		{10A7700E-435B-41C5-AC60-29B78A72F391}.Release|Any CPU.ActiveCfg = Release|Any CPU
		{10A7700E-435B-41C5-AC60-29B78A72F391}.Release|Any CPU.Build.0 = Release|Any CPU
		{AAA5325F-3E8B-4CA4-9C62-331B3AE1C145}.Debug|Any CPU.ActiveCfg = Debug|Any CPU
		{AAA5325F-3E8B-4CA4-9C62-331B3AE1C145}.Debug|Any CPU.Build.0 = Debug|Any CPU
		{AAA5325F-3E8B-4CA4-9C62-331B3AE1C145}.Release|Any CPU.ActiveCfg = Release|Any CPU
		{AAA5325F-3E8B-4CA4-9C62-331B3AE1C145}.Release|Any CPU.Build.0 = Release|Any CPU
		{07FE4E24-3C2C-440B-9F36-608E20DC95D8}.Debug|Any CPU.ActiveCfg = Debug|Any CPU
		{07FE4E24-3C2C-440B-9F36-608E20DC95D8}.Debug|Any CPU.Build.0 = Debug|Any CPU
		{07FE4E24-3C2C-440B-9F36-608E20DC95D8}.Release|Any CPU.ActiveCfg = Release|Any CPU
		{07FE4E24-3C2C-440B-9F36-608E20DC95D8}.Release|Any CPU.Build.0 = Release|Any CPU
		{F02D554E-ED02-4A42-9F23-E1A00A7FDC71}.Debug|Any CPU.ActiveCfg = Debug|Any CPU
		{F02D554E-ED02-4A42-9F23-E1A00A7FDC71}.Debug|Any CPU.Build.0 = Debug|Any CPU
		{F02D554E-ED02-4A42-9F23-E1A00A7FDC71}.Release|Any CPU.ActiveCfg = Release|Any CPU
		{F02D554E-ED02-4A42-9F23-E1A00A7FDC71}.Release|Any CPU.Build.0 = Release|Any CPU
	EndGlobalSection
	GlobalSection(SolutionProperties) = preSolution
		HideSolutionNode = FALSE
	EndGlobalSection
	GlobalSection(ExtensibilityGlobals) = postSolution
		SolutionGuid = {DE1FEEAD-BE39-4DCB-A2B7-D6804B0286D7}
	EndGlobalSection
EndGlobal
